
Microsoft Visual Studio Solution File, Format Version 12.00
# Visual Studio Version 16
VisualStudioVersion = 25.0.1703.5
MinimumVisualStudioVersion = 10.0.40219.1
Project("{FAE04EC0-301F-11D3-BF4B-00C04F79EFBC}") = "hm", "hm\hm.csproj", "{F005D065-DDA3-46E5-9B83-34BE730DFC3C}"
EndProject
Project("{FAE04EC0-301F-11D3-BF4B-00C04F79EFBC}") = "tm", "tm\tm.csproj", "{8E3854F4-33DE-49FA-861F-F82F9C3B6BC4}"
EndProject
Global
	GlobalSection(SolutionConfigurationPlatforms) = preSolution
		Debug|Any CPU = Debug|Any CPU
		Release|Any CPU = Release|Any CPU
	EndGlobalSection
	GlobalSection(ProjectConfigurationPlatforms) = postSolution
		{F005D065-DDA3-46E5-9B83-34BE730DFC3C}.Debug|Any CPU.ActiveCfg = Debug|Any CPU
		{F005D065-DDA3-46E5-9B83-34BE730DFC3C}.Debug|Any CPU.Build.0 = Debug|Any CPU
		{F005D065-DDA3-46E5-9B83-34BE730DFC3C}.Release|Any CPU.ActiveCfg = Release|Any CPU
		{F005D065-DDA3-46E5-9B83-34BE730DFC3C}.Release|Any CPU.Build.0 = Release|Any CPU
		{8E3854F4-33DE-49FA-861F-F82F9C3B6BC4}.Debug|Any CPU.ActiveCfg = Debug|Any CPU
		{8E3854F4-33DE-49FA-861F-F82F9C3B6BC4}.Debug|Any CPU.Build.0 = Debug|Any CPU
		{8E3854F4-33DE-49FA-861F-F82F9C3B6BC4}.Release|Any CPU.ActiveCfg = Release|Any CPU
		{8E3854F4-33DE-49FA-861F-F82F9C3B6BC4}.Release|Any CPU.Build.0 = Release|Any CPU
	EndGlobalSection
	GlobalSection(SolutionProperties) = preSolution
		HideSolutionNode = FALSE
	EndGlobalSection
	GlobalSection(ExtensibilityGlobals) = postSolution
		SolutionGuid = {E994E61D-5BCB-44BA-B197-9BF4267AA160}
	EndGlobalSection
EndGlobal
